
Microsoft Visual Studio Solution File, Format Version 12.00
# Visual Studio Version 16
VisualStudioVersion = 16.0.810.23
MinimumVisualStudioVersion = 10.0.40219.1
Project("{FAE04EC0-301F-11D3-BF4B-00C04F79EFBC}") = "OnScreenSizeMarkup.Forms", "OnScreenSizeMarkup.Forms\OnScreenSizeMarkup.Forms.csproj", "{F5F0D70D-D526-4D4B-A825-AB407E37E5ED}"
EndProject
Project("{FAE04EC0-301F-11D3-BF4B-00C04F79EFBC}") = "OnScreenSizeMarkup.Core", "OnScreenSizeMarkup.Core\OnScreenSizeMarkup.Core.csproj", "{CCFD599C-C31A-44C2-B945-15FB6EBD6F1C}"
EndProject
Project("{FAE04EC0-301F-11D3-BF4B-00C04F79EFBC}") = "OnScreenSizeMarkup.Tests", "OnScreenSizeMarkup.Tests\OnScreenSizeMarkup.Tests.csproj", "{3E163361-1079-48ED-A852-4E99ACFBA533}"
EndProject
Global
	GlobalSection(SolutionConfigurationPlatforms) = preSolution
		Debug|Any CPU = Debug|Any CPU
		Release|Any CPU = Release|Any CPU
	EndGlobalSection
	GlobalSection(ProjectConfigurationPlatforms) = postSolution
		{F5F0D70D-D526-4D4B-A825-AB407E37E5ED}.Debug|Any CPU.ActiveCfg = Debug|Any CPU
		{F5F0D70D-D526-4D4B-A825-AB407E37E5ED}.Debug|Any CPU.Build.0 = Debug|Any CPU
		{F5F0D70D-D526-4D4B-A825-AB407E37E5ED}.Release|Any CPU.ActiveCfg = Release|Any CPU
		{F5F0D70D-D526-4D4B-A825-AB407E37E5ED}.Release|Any CPU.Build.0 = Release|Any CPU
		{CCFD599C-C31A-44C2-B945-15FB6EBD6F1C}.Debug|Any CPU.ActiveCfg = Debug|Any CPU
		{CCFD599C-C31A-44C2-B945-15FB6EBD6F1C}.Debug|Any CPU.Build.0 = Debug|Any CPU
		{CCFD599C-C31A-44C2-B945-15FB6EBD6F1C}.Release|Any CPU.ActiveCfg = Release|Any CPU
		{CCFD599C-C31A-44C2-B945-15FB6EBD6F1C}.Release|Any CPU.Build.0 = Release|Any CPU
		{3E163361-1079-48ED-A852-4E99ACFBA533}.Debug|Any CPU.ActiveCfg = Debug|Any CPU
		{3E163361-1079-48ED-A852-4E99ACFBA533}.Debug|Any CPU.Build.0 = Debug|Any CPU
		{3E163361-1079-48ED-A852-4E99ACFBA533}.Release|Any CPU.ActiveCfg = Release|Any CPU
		{3E163361-1079-48ED-A852-4E99ACFBA533}.Release|Any CPU.Build.0 = Release|Any CPU
	EndGlobalSection
	GlobalSection(SolutionProperties) = preSolution
		HideSolutionNode = FALSE
	EndGlobalSection
	GlobalSection(ExtensibilityGlobals) = postSolution
		SolutionGuid = {90AC7040-CAE3-4BA4-8499-589B0006AB1B}
	EndGlobalSection
EndGlobal
