
Microsoft Visual Studio Solution File, Format Version 12.00
# Visual Studio Version 16
VisualStudioVersion = 25.0.1705.2
MinimumVisualStudioVersion = 10.0.40219.1
Project("{FAE04EC0-301F-11D3-BF4B-00C04F79EFBC}") = "Samples", "Samples.csproj", "{8A7A4C51-268D-42E5-99AC-087D684FF05A}"
EndProject
Global
	GlobalSection(SolutionConfigurationPlatforms) = preSolution
		Debug|Any CPU = Debug|Any CPU
		Release|Any CPU = Release|Any CPU
	EndGlobalSection
	GlobalSection(ProjectConfigurationPlatforms) = postSolution
		{8A7A4C51-268D-42E5-99AC-087D684FF05A}.Debug|Any CPU.ActiveCfg = Debug|Any CPU
		{8A7A4C51-268D-42E5-99AC-087D684FF05A}.Debug|Any CPU.Build.0 = Debug|Any CPU
		{8A7A4C51-268D-42E5-99AC-087D684FF05A}.Release|Any CPU.ActiveCfg = Release|Any CPU
		{8A7A4C51-268D-42E5-99AC-087D684FF05A}.Release|Any CPU.Build.0 = Release|Any CPU
	EndGlobalSection
	GlobalSection(SolutionProperties) = preSolution
		HideSolutionNode = FALSE
	EndGlobalSection
	GlobalSection(ExtensibilityGlobals) = postSolution
		SolutionGuid = {BE74422B-39FC-4862-83C4-016B8B5E458D}
	EndGlobalSection
EndGlobal
