
Microsoft Visual Studio Solution File, Format Version 12.00
# Visual Studio Version 16
VisualStudioVersion = 25.0.1703.0
MinimumVisualStudioVersion = 10.0.40219.1
Project("{FAE04EC0-301F-11D3-BF4B-00C04F79EFBC}") = "OnScreenSizeMarkup.Maui", "OnScreenSizeMarkup.Maui.csproj", "{AF5A6249-FCEC-4149-9B2D-029C9712BA26}"
EndProject
Project("{2150E333-8FDC-42A3-9474-1A3956D46DE8}") = "Solution Items", "Solution Items", "{E300C3CF-563B-41EE-B335-E42B8B62FC2A}"
	ProjectSection(SolutionItems) = preProject
		.editorconfig = .editorconfig
		global.json = global.json
		Directory.Build.props = Directory.Build.props
	EndProjectSection
EndProject
Project("{FAE04EC0-301F-11D3-BF4B-00C04F79EFBC}") = "OnScreenSizeMarkup.Maui.Tests", "..\OnScreenSizeMarkup.Maui.Tests\OnScreenSizeMarkup.Maui.Tests.csproj", "{F93DDDAB-FF48-4195-87B9-C57CA650D591}"
EndProject
Global
	GlobalSection(SolutionConfigurationPlatforms) = preSolution
		Debug|Any CPU = Debug|Any CPU
		Release|Any CPU = Release|Any CPU
	EndGlobalSection
	GlobalSection(ProjectConfigurationPlatforms) = postSolution
		{AF5A6249-FCEC-4149-9B2D-029C9712BA26}.Debug|Any CPU.ActiveCfg = Debug|Any CPU
		{AF5A6249-FCEC-4149-9B2D-029C9712BA26}.Debug|Any CPU.Build.0 = Debug|Any CPU
		{AF5A6249-FCEC-4149-9B2D-029C9712BA26}.Release|Any CPU.ActiveCfg = Release|Any CPU
		{AF5A6249-FCEC-4149-9B2D-029C9712BA26}.Release|Any CPU.Build.0 = Release|Any CPU
		{F93DDDAB-FF48-4195-87B9-C57CA650D591}.Debug|Any CPU.ActiveCfg = Debug|Any CPU
		{F93DDDAB-FF48-4195-87B9-C57CA650D591}.Debug|Any CPU.Build.0 = Debug|Any CPU
		{F93DDDAB-FF48-4195-87B9-C57CA650D591}.Release|Any CPU.ActiveCfg = Release|Any CPU
		{F93DDDAB-FF48-4195-87B9-C57CA650D591}.Release|Any CPU.Build.0 = Release|Any CPU
	EndGlobalSection
	GlobalSection(SolutionProperties) = preSolution
		HideSolutionNode = FALSE
	EndGlobalSection
	GlobalSection(ExtensibilityGlobals) = postSolution
		SolutionGuid = {B9AAD823-CF3C-4D13-A643-386079C5C648}
	EndGlobalSection
EndGlobal
